// !$*UTF8*$!
{
	archiveVersion = 1;
	classes = {
	};
	objectVersion = 77;
	objects = {

/* Begin PBXBuildFile section */
		6A3A255B2E0DDDAA00C3249A /* Maps in Resources */ = {isa = PBXBuildFile; fileRef = 6A3A255A2E0DDDAA00C3249A /* Maps */; };
		6A59DB522E117F1900174334 /* SVGView in Frameworks */ = {isa = PBXBuildFile; productRef = 6A59DB512E117F1900174334 /* SVGView */; };
		6A7031452E12933300CD9E38 /* BottomSheet in Frameworks */ = {isa = PBXBuildFile; productRef = 6A7031442E12933300CD9E38 /* BottomSheet */; };
/* End PBXBuildFile section */

/* Begin PBXContainerItemProxy section */
		6AD4F8DB2E0D9BAC00201BF5 /* PBXContainerItemProxy */ = {
			isa = PBXContainerItemProxy;
			containerPortal = 6AD4F8C22E0D9BAB00201BF5 /* Project object */;
			proxyType = 1;
			remoteGlobalIDString = 6AD4F8C92E0D9BAB00201BF5;
			remoteInfo = DepNavIOS;
		};
		6AD4F8E52E0D9BAC00201BF5 /* PBXContainerItemProxy */ = {
			isa = PBXContainerItemProxy;
			containerPortal = 6AD4F8C22E0D9BAB00201BF5 /* Project object */;
			proxyType = 1;
			remoteGlobalIDString = 6AD4F8C92E0D9BAB00201BF5;
			remoteInfo = DepNavIOS;
		};
/* End PBXContainerItemProxy section */

/* Begin PBXFileReference section */
		6A3A255A2E0DDDAA00C3249A /* Maps */ = {isa = PBXFileReference; lastKnownFileType = folder; path = Maps; sourceTree = "<group>"; };
		6AD4F8CA2E0D9BAB00201BF5 /* DepNavIOS.app */ = {isa = PBXFileReference; explicitFileType = wrapper.application; includeInIndex = 0; path = DepNavIOS.app; sourceTree = BUILT_PRODUCTS_DIR; };
		6AD4F8DA2E0D9BAC00201BF5 /* DepNavIOSTests.xctest */ = {isa = PBXFileReference; explicitFileType = wrapper.cfbundle; includeInIndex = 0; path = DepNavIOSTests.xctest; sourceTree = BUILT_PRODUCTS_DIR; };
		6AD4F8E42E0D9BAC00201BF5 /* DepNavIOSUITests.xctest */ = {isa = PBXFileReference; explicitFileType = wrapper.cfbundle; includeInIndex = 0; path = DepNavIOSUITests.xctest; sourceTree = BUILT_PRODUCTS_DIR; };
/* End PBXFileReference section */

/* Begin PBXFileSystemSynchronizedRootGroup section */
		6AD4F8CC2E0D9BAB00201BF5 /* DepNavIOS */ = {
			isa = PBXFileSystemSynchronizedRootGroup;
			path = DepNavIOS;
			sourceTree = "<group>";
		};
		6AD4F8DD2E0D9BAC00201BF5 /* DepNavIOSTests */ = {
			isa = PBXFileSystemSynchronizedRootGroup;
			path = DepNavIOSTests;
			sourceTree = "<group>";
		};
		6AD4F8E72E0D9BAC00201BF5 /* DepNavIOSUITests */ = {
			isa = PBXFileSystemSynchronizedRootGroup;
			path = DepNavIOSUITests;
			sourceTree = "<group>";
		};
/* End PBXFileSystemSynchronizedRootGroup section */

/* Begin PBXFrameworksBuildPhase section */
		6AD4F8C72E0D9BAB00201BF5 /* Frameworks */ = {
			isa = PBXFrameworksBuildPhase;
			buildActionMask = 2147483647;
			files = (
				6A59DB522E117F1900174334 /* SVGView in Frameworks */,
				6A7031452E12933300CD9E38 /* BottomSheet in Frameworks */,
			);
			runOnlyForDeploymentPostprocessing = 0;
		};
		6AD4F8D72E0D9BAC00201BF5 /* Frameworks */ = {
			isa = PBXFrameworksBuildPhase;
			buildActionMask = 2147483647;
			files = (
			);
			runOnlyForDeploymentPostprocessing = 0;
		};
		6AD4F8E12E0D9BAC00201BF5 /* Frameworks */ = {
			isa = PBXFrameworksBuildPhase;
			buildActionMask = 2147483647;
			files = (
			);
			runOnlyForDeploymentPostprocessing = 0;
		};
/* End PBXFrameworksBuildPhase section */

/* Begin PBXGroup section */
		6AD4F8C12E0D9BAB00201BF5 = {
			isa = PBXGroup;
			children = (
				6A3A255A2E0DDDAA00C3249A /* Maps */,
				6AD4F8CC2E0D9BAB00201BF5 /* DepNavIOS */,
				6AD4F8DD2E0D9BAC00201BF5 /* DepNavIOSTests */,
				6AD4F8E72E0D9BAC00201BF5 /* DepNavIOSUITests */,
				6AD4F9072E0D9C9A00201BF5 /* Frameworks */,
				6AD4F8CB2E0D9BAB00201BF5 /* Products */,
			);
			sourceTree = "<group>";
		};
		6AD4F8CB2E0D9BAB00201BF5 /* Products */ = {
			isa = PBXGroup;
			children = (
				6AD4F8CA2E0D9BAB00201BF5 /* DepNavIOS.app */,
				6AD4F8DA2E0D9BAC00201BF5 /* DepNavIOSTests.xctest */,
				6AD4F8E42E0D9BAC00201BF5 /* DepNavIOSUITests.xctest */,
			);
			name = Products;
			sourceTree = "<group>";
		};
		6AD4F9072E0D9C9A00201BF5 /* Frameworks */ = {
			isa = PBXGroup;
			children = (
			);
			name = Frameworks;
			sourceTree = "<group>";
		};
/* End PBXGroup section */

/* Begin PBXNativeTarget section */
		6AD4F8C92E0D9BAB00201BF5 /* DepNavIOS */ = {
			isa = PBXNativeTarget;
			buildConfigurationList = 6AD4F8EE2E0D9BAC00201BF5 /* Build configuration list for PBXNativeTarget "DepNavIOS" */;
			buildPhases = (
				6AD4F8C62E0D9BAB00201BF5 /* Sources */,
				6AD4F8C72E0D9BAB00201BF5 /* Frameworks */,
				6AD4F8C82E0D9BAB00201BF5 /* Resources */,
			);
			buildRules = (
			);
			dependencies = (
			);
			fileSystemSynchronizedGroups = (
				6AD4F8CC2E0D9BAB00201BF5 /* DepNavIOS */,
			);
			name = DepNavIOS;
			packageProductDependencies = (
				6A59DB512E117F1900174334 /* SVGView */,
				6A7031442E12933300CD9E38 /* BottomSheet */,
			);
			productName = DepNavIOS;
			productReference = 6AD4F8CA2E0D9BAB00201BF5 /* DepNavIOS.app */;
			productType = "com.apple.product-type.application";
		};
		6AD4F8D92E0D9BAC00201BF5 /* DepNavIOSTests */ = {
			isa = PBXNativeTarget;
			buildConfigurationList = 6AD4F8F12E0D9BAC00201BF5 /* Build configuration list for PBXNativeTarget "DepNavIOSTests" */;
			buildPhases = (
				6AD4F8D62E0D9BAC00201BF5 /* Sources */,
				6AD4F8D72E0D9BAC00201BF5 /* Frameworks */,
				6AD4F8D82E0D9BAC00201BF5 /* Resources */,
			);
			buildRules = (
			);
			dependencies = (
				6AD4F8DC2E0D9BAC00201BF5 /* PBXTargetDependency */,
			);
			fileSystemSynchronizedGroups = (
				6AD4F8DD2E0D9BAC00201BF5 /* DepNavIOSTests */,
			);
			name = DepNavIOSTests;
			packageProductDependencies = (
			);
			productName = DepNavIOSTests;
			productReference = 6AD4F8DA2E0D9BAC00201BF5 /* DepNavIOSTests.xctest */;
			productType = "com.apple.product-type.bundle.unit-test";
		};
		6AD4F8E32E0D9BAC00201BF5 /* DepNavIOSUITests */ = {
			isa = PBXNativeTarget;
			buildConfigurationList = 6AD4F8F42E0D9BAC00201BF5 /* Build configuration list for PBXNativeTarget "DepNavIOSUITests" */;
			buildPhases = (
				6AD4F8E02E0D9BAC00201BF5 /* Sources */,
				6AD4F8E12E0D9BAC00201BF5 /* Frameworks */,
				6AD4F8E22E0D9BAC00201BF5 /* Resources */,
			);
			buildRules = (
			);
			dependencies = (
				6AD4F8E62E0D9BAC00201BF5 /* PBXTargetDependency */,
			);
			fileSystemSynchronizedGroups = (
				6AD4F8E72E0D9BAC00201BF5 /* DepNavIOSUITests */,
			);
			name = DepNavIOSUITests;
			packageProductDependencies = (
			);
			productName = DepNavIOSUITests;
			productReference = 6AD4F8E42E0D9BAC00201BF5 /* DepNavIOSUITests.xctest */;
			productType = "com.apple.product-type.bundle.ui-testing";
		};
/* End PBXNativeTarget section */

/* Begin PBXProject section */
		6AD4F8C22E0D9BAB00201BF5 /* Project object */ = {
			isa = PBXProject;
			attributes = {
				BuildIndependentTargetsInParallel = 1;
				LastSwiftUpdateCheck = 1620;
				LastUpgradeCheck = 1620;
				TargetAttributes = {
					6AD4F8C92E0D9BAB00201BF5 = {
						CreatedOnToolsVersion = 16.2;
					};
					6AD4F8D92E0D9BAC00201BF5 = {
						CreatedOnToolsVersion = 16.2;
						TestTargetID = 6AD4F8C92E0D9BAB00201BF5;
					};
					6AD4F8E32E0D9BAC00201BF5 = {
						CreatedOnToolsVersion = 16.2;
						TestTargetID = 6AD4F8C92E0D9BAB00201BF5;
					};
				};
			};
			buildConfigurationList = 6AD4F8C52E0D9BAB00201BF5 /* Build configuration list for PBXProject "DepNavIOS" */;
			developmentRegion = en;
			hasScannedForEncodings = 0;
			knownRegions = (
				en,
				Base,
			);
			mainGroup = 6AD4F8C12E0D9BAB00201BF5;
			minimizedProjectReferenceProxies = 1;
			packageReferences = (
				6A59DB502E117EC300174334 /* XCRemoteSwiftPackageReference "SVGView" */,
				6A7031432E12932C00CD9E38 /* XCRemoteSwiftPackageReference "BottomSheet" */,
			);
			preferredProjectObjectVersion = 77;
			productRefGroup = 6AD4F8CB2E0D9BAB00201BF5 /* Products */;
			projectDirPath = "";
			projectRoot = "";
			targets = (
				6AD4F8C92E0D9BAB00201BF5 /* DepNavIOS */,
				6AD4F8D92E0D9BAC00201BF5 /* DepNavIOSTests */,
				6AD4F8E32E0D9BAC00201BF5 /* DepNavIOSUITests */,
			);
		};
/* End PBXProject section */

/* Begin PBXResourcesBuildPhase section */
		6AD4F8C82E0D9BAB00201BF5 /* Resources */ = {
			isa = PBXResourcesBuildPhase;
			buildActionMask = 2147483647;
			files = (
				6A3A255B2E0DDDAA00C3249A /* Maps in Resources */,
			);
			runOnlyForDeploymentPostprocessing = 0;
		};
		6AD4F8D82E0D9BAC00201BF5 /* Resources */ = {
			isa = PBXResourcesBuildPhase;
			buildActionMask = 2147483647;
			files = (
			);
			runOnlyForDeploymentPostprocessing = 0;
		};
		6AD4F8E22E0D9BAC00201BF5 /* Resources */ = {
			isa = PBXResourcesBuildPhase;
			buildActionMask = 2147483647;
			files = (
			);
			runOnlyForDeploymentPostprocessing = 0;
		};
/* End PBXResourcesBuildPhase section */

/* Begin PBXSourcesBuildPhase section */
		6AD4F8C62E0D9BAB00201BF5 /* Sources */ = {
			isa = PBXSourcesBuildPhase;
			buildActionMask = 2147483647;
			files = (
			);
			runOnlyForDeploymentPostprocessing = 0;
		};
		6AD4F8D62E0D9BAC00201BF5 /* Sources */ = {
			isa = PBXSourcesBuildPhase;
			buildActionMask = 2147483647;
			files = (
			);
			runOnlyForDeploymentPostprocessing = 0;
		};
		6AD4F8E02E0D9BAC00201BF5 /* Sources */ = {
			isa = PBXSourcesBuildPhase;
			buildActionMask = 2147483647;
			files = (
			);
			runOnlyForDeploymentPostprocessing = 0;
		};
/* End PBXSourcesBuildPhase section */

/* Begin PBXTargetDependency section */
		6AD4F8DC2E0D9BAC00201BF5 /* PBXTargetDependency */ = {
			isa = PBXTargetDependency;
			target = 6AD4F8C92E0D9BAB00201BF5 /* DepNavIOS */;
			targetProxy = 6AD4F8DB2E0D9BAC00201BF5 /* PBXContainerItemProxy */;
		};
		6AD4F8E62E0D9BAC00201BF5 /* PBXTargetDependency */ = {
			isa = PBXTargetDependency;
			target = 6AD4F8C92E0D9BAB00201BF5 /* DepNavIOS */;
			targetProxy = 6AD4F8E52E0D9BAC00201BF5 /* PBXContainerItemProxy */;
		};
/* End PBXTargetDependency section */

/* Begin XCBuildConfiguration section */
		6AD4F8EC2E0D9BAC00201BF5 /* Debug */ = {
			isa = XCBuildConfiguration;
			buildSettings = {
				ALWAYS_SEARCH_USER_PATHS = NO;
				ASSETCATALOG_COMPILER_GENERATE_SWIFT_ASSET_SYMBOL_EXTENSIONS = YES;
				CLANG_ANALYZER_NONNULL = YES;
				CLANG_ANALYZER_NUMBER_OBJECT_CONVERSION = YES_AGGRESSIVE;
				CLANG_CXX_LANGUAGE_STANDARD = "gnu++20";
				CLANG_ENABLE_MODULES = YES;
				CLANG_ENABLE_OBJC_ARC = YES;
				CLANG_ENABLE_OBJC_WEAK = YES;
				CLANG_WARN_BLOCK_CAPTURE_AUTORELEASING = YES;
				CLANG_WARN_BOOL_CONVERSION = YES;
				CLANG_WARN_COMMA = YES;
				CLANG_WARN_CONSTANT_CONVERSION = YES;
				CLANG_WARN_DEPRECATED_OBJC_IMPLEMENTATIONS = YES;
				CLANG_WARN_DIRECT_OBJC_ISA_USAGE = YES_ERROR;
				CLANG_WARN_DOCUMENTATION_COMMENTS = YES;
				CLANG_WARN_EMPTY_BODY = YES;
				CLANG_WARN_ENUM_CONVERSION = YES;
				CLANG_WARN_INFINITE_RECURSION = YES;
				CLANG_WARN_INT_CONVERSION = YES;
				CLANG_WARN_NON_LITERAL_NULL_CONVERSION = YES;
				CLANG_WARN_OBJC_IMPLICIT_RETAIN_SELF = YES;
				CLANG_WARN_OBJC_LITERAL_CONVERSION = YES;
				CLANG_WARN_OBJC_ROOT_CLASS = YES_ERROR;
				CLANG_WARN_QUOTED_INCLUDE_IN_FRAMEWORK_HEADER = YES;
				CLANG_WARN_RANGE_LOOP_ANALYSIS = YES;
				CLANG_WARN_STRICT_PROTOTYPES = YES;
				CLANG_WARN_SUSPICIOUS_MOVE = YES;
				CLANG_WARN_UNGUARDED_AVAILABILITY = YES_AGGRESSIVE;
				CLANG_WARN_UNREACHABLE_CODE = YES;
				CLANG_WARN__DUPLICATE_METHOD_MATCH = YES;
				COPY_PHASE_STRIP = NO;
				DEBUG_INFORMATION_FORMAT = dwarf;
				ENABLE_STRICT_OBJC_MSGSEND = YES;
				ENABLE_TESTABILITY = YES;
				ENABLE_USER_SCRIPT_SANDBOXING = YES;
				GCC_C_LANGUAGE_STANDARD = gnu17;
				GCC_DYNAMIC_NO_PIC = NO;
				GCC_NO_COMMON_BLOCKS = YES;
				GCC_OPTIMIZATION_LEVEL = 0;
				GCC_PREPROCESSOR_DEFINITIONS = (
					"DEBUG=1",
					"$(inherited)",
				);
				GCC_WARN_64_TO_32_BIT_CONVERSION = YES;
				GCC_WARN_ABOUT_RETURN_TYPE = YES_ERROR;
				GCC_WARN_UNDECLARED_SELECTOR = YES;
				GCC_WARN_UNINITIALIZED_AUTOS = YES_AGGRESSIVE;
				GCC_WARN_UNUSED_FUNCTION = YES;
				GCC_WARN_UNUSED_VARIABLE = YES;
				IPHONEOS_DEPLOYMENT_TARGET = 18.2;
				LOCALIZATION_PREFERS_STRING_CATALOGS = YES;
				MTL_ENABLE_DEBUG_INFO = INCLUDE_SOURCE;
				MTL_FAST_MATH = YES;
				ONLY_ACTIVE_ARCH = YES;
				SDKROOT = iphoneos;
				SWIFT_ACTIVE_COMPILATION_CONDITIONS = "DEBUG $(inherited)";
				SWIFT_OPTIMIZATION_LEVEL = "-Onone";
			};
			name = Debug;
		};
		6AD4F8ED2E0D9BAC00201BF5 /* Release */ = {
			isa = XCBuildConfiguration;
			buildSettings = {
				ALWAYS_SEARCH_USER_PATHS = NO;
				ASSETCATALOG_COMPILER_GENERATE_SWIFT_ASSET_SYMBOL_EXTENSIONS = YES;
				CLANG_ANALYZER_NONNULL = YES;
				CLANG_ANALYZER_NUMBER_OBJECT_CONVERSION = YES_AGGRESSIVE;
				CLANG_CXX_LANGUAGE_STANDARD = "gnu++20";
				CLANG_ENABLE_MODULES = YES;
				CLANG_ENABLE_OBJC_ARC = YES;
				CLANG_ENABLE_OBJC_WEAK = YES;
				CLANG_WARN_BLOCK_CAPTURE_AUTORELEASING = YES;
				CLANG_WARN_BOOL_CONVERSION = YES;
				CLANG_WARN_COMMA = YES;
				CLANG_WARN_CONSTANT_CONVERSION = YES;
				CLANG_WARN_DEPRECATED_OBJC_IMPLEMENTATIONS = YES;
				CLANG_WARN_DIRECT_OBJC_ISA_USAGE = YES_ERROR;
				CLANG_WARN_DOCUMENTATION_COMMENTS = YES;
				CLANG_WARN_EMPTY_BODY = YES;
				CLANG_WARN_ENUM_CONVERSION = YES;
				CLANG_WARN_INFINITE_RECURSION = YES;
				CLANG_WARN_INT_CONVERSION = YES;
				CLANG_WARN_NON_LITERAL_NULL_CONVERSION = YES;
				CLANG_WARN_OBJC_IMPLICIT_RETAIN_SELF = YES;
				CLANG_WARN_OBJC_LITERAL_CONVERSION = YES;
				CLANG_WARN_OBJC_ROOT_CLASS = YES_ERROR;
				CLANG_WARN_QUOTED_INCLUDE_IN_FRAMEWORK_HEADER = YES;
				CLANG_WARN_RANGE_LOOP_ANALYSIS = YES;
				CLANG_WARN_STRICT_PROTOTYPES = YES;
				CLANG_WARN_SUSPICIOUS_MOVE = YES;
				CLANG_WARN_UNGUARDED_AVAILABILITY = YES_AGGRESSIVE;
				CLANG_WARN_UNREACHABLE_CODE = YES;
				CLANG_WARN__DUPLICATE_METHOD_MATCH = YES;
				COPY_PHASE_STRIP = NO;
				DEBUG_INFORMATION_FORMAT = "dwarf-with-dsym";
				ENABLE_NS_ASSERTIONS = NO;
				ENABLE_STRICT_OBJC_MSGSEND = YES;
				ENABLE_USER_SCRIPT_SANDBOXING = YES;
				GCC_C_LANGUAGE_STANDARD = gnu17;
				GCC_NO_COMMON_BLOCKS = YES;
				GCC_WARN_64_TO_32_BIT_CONVERSION = YES;
				GCC_WARN_ABOUT_RETURN_TYPE = YES_ERROR;
				GCC_WARN_UNDECLARED_SELECTOR = YES;
				GCC_WARN_UNINITIALIZED_AUTOS = YES_AGGRESSIVE;
				GCC_WARN_UNUSED_FUNCTION = YES;
				GCC_WARN_UNUSED_VARIABLE = YES;
				IPHONEOS_DEPLOYMENT_TARGET = 18.2;
				LOCALIZATION_PREFERS_STRING_CATALOGS = YES;
				MTL_ENABLE_DEBUG_INFO = NO;
				MTL_FAST_MATH = YES;
				SDKROOT = iphoneos;
				SWIFT_COMPILATION_MODE = wholemodule;
				VALIDATE_PRODUCT = YES;
			};
			name = Release;
		};
		6AD4F8EF2E0D9BAC00201BF5 /* Debug */ = {
			isa = XCBuildConfiguration;
			buildSettings = {
				ASSETCATALOG_COMPILER_APPICON_NAME = AppIcon;
				ASSETCATALOG_COMPILER_GLOBAL_ACCENT_COLOR_NAME = AccentColor;
				CODE_SIGN_STYLE = Automatic;
				CURRENT_PROJECT_VERSION = 1;
				DEVELOPMENT_ASSET_PATHS = "\"DepNavIOS/Preview Content\"";
				DEVELOPMENT_TEAM = AR5VBJUYR5;
				ENABLE_PREVIEWS = YES;
				GENERATE_INFOPLIST_FILE = YES;
				INFOPLIST_KEY_UIApplicationSceneManifest_Generation = YES;
				INFOPLIST_KEY_UIApplicationSupportsIndirectInputEvents = YES;
				INFOPLIST_KEY_UILaunchScreen_Generation = YES;
				INFOPLIST_KEY_UISupportedInterfaceOrientations_iPad = "UIInterfaceOrientationPortrait UIInterfaceOrientationPortraitUpsideDown UIInterfaceOrientationLandscapeLeft UIInterfaceOrientationLandscapeRight";
				INFOPLIST_KEY_UISupportedInterfaceOrientations_iPhone = "UIInterfaceOrientationPortrait UIInterfaceOrientationLandscapeLeft UIInterfaceOrientationLandscapeRight";
				IPHONEOS_DEPLOYMENT_TARGET = 16.6;
				LD_RUNPATH_SEARCH_PATHS = (
					"$(inherited)",
					"@executable_path/Frameworks",
				);
				MARKETING_VERSION = 1.0;
				PRODUCT_BUNDLE_IDENTIFIER = qrutyy.DepNavIOS;
				PRODUCT_NAME = "$(TARGET_NAME)";
				SWIFT_EMIT_LOC_STRINGS = YES;
				SWIFT_VERSION = 5.0;
				TARGETED_DEVICE_FAMILY = "1,2";
			};
			name = Debug;
		};
		6AD4F8F02E0D9BAC00201BF5 /* Release */ = {
			isa = XCBuildConfiguration;
			buildSettings = {
				ASSETCATALOG_COMPILER_APPICON_NAME = AppIcon;
				ASSETCATALOG_COMPILER_GLOBAL_ACCENT_COLOR_NAME = AccentColor;
				CODE_SIGN_STYLE = Automatic;
				CURRENT_PROJECT_VERSION = 1;
				DEVELOPMENT_ASSET_PATHS = "\"DepNavIOS/Preview Content\"";
				DEVELOPMENT_TEAM = AR5VBJUYR5;
				ENABLE_PREVIEWS = YES;
				GENERATE_INFOPLIST_FILE = YES;
				INFOPLIST_KEY_UIApplicationSceneManifest_Generation = YES;
				INFOPLIST_KEY_UIApplicationSupportsIndirectInputEvents = YES;
				INFOPLIST_KEY_UILaunchScreen_Generation = YES;
				INFOPLIST_KEY_UISupportedInterfaceOrientations_iPad = "UIInterfaceOrientationPortrait UIInterfaceOrientationPortraitUpsideDown UIInterfaceOrientationLandscapeLeft UIInterfaceOrientationLandscapeRight";
				INFOPLIST_KEY_UISupportedInterfaceOrientations_iPhone = "UIInterfaceOrientationPortrait UIInterfaceOrientationLandscapeLeft UIInterfaceOrientationLandscapeRight";
				IPHONEOS_DEPLOYMENT_TARGET = 16.6;
				LD_RUNPATH_SEARCH_PATHS = (
					"$(inherited)",
					"@executable_path/Frameworks",
				);
				MARKETING_VERSION = 1.0;
				PRODUCT_BUNDLE_IDENTIFIER = qrutyy.DepNavIOS;
				PRODUCT_NAME = "$(TARGET_NAME)";
				SWIFT_EMIT_LOC_STRINGS = YES;
				SWIFT_VERSION = 5.0;
				TARGETED_DEVICE_FAMILY = "1,2";
			};
			name = Release;
		};
		6AD4F8F22E0D9BAC00201BF5 /* Debug */ = {
			isa = XCBuildConfiguration;
			buildSettings = {
				BUNDLE_LOADER = "$(TEST_HOST)";
				CODE_SIGN_STYLE = Automatic;
				CURRENT_PROJECT_VERSION = 1;
				GENERATE_INFOPLIST_FILE = YES;
				IPHONEOS_DEPLOYMENT_TARGET = 18.2;
				MARKETING_VERSION = 1.0;
				PRODUCT_BUNDLE_IDENTIFIER = qrutyy.DepNavIOSTests;
				PRODUCT_NAME = "$(TARGET_NAME)";
				SWIFT_EMIT_LOC_STRINGS = NO;
				SWIFT_VERSION = 5.0;
				TARGETED_DEVICE_FAMILY = "1,2";
				TEST_HOST = "$(BUILT_PRODUCTS_DIR)/DepNavIOS.app/$(BUNDLE_EXECUTABLE_FOLDER_PATH)/DepNavIOS";
			};
			name = Debug;
		};
		6AD4F8F32E0D9BAC00201BF5 /* Release */ = {
			isa = XCBuildConfiguration;
			buildSettings = {
				BUNDLE_LOADER = "$(TEST_HOST)";
				CODE_SIGN_STYLE = Automatic;
				CURRENT_PROJECT_VERSION = 1;
				GENERATE_INFOPLIST_FILE = YES;
				IPHONEOS_DEPLOYMENT_TARGET = 18.2;
				MARKETING_VERSION = 1.0;
				PRODUCT_BUNDLE_IDENTIFIER = qrutyy.DepNavIOSTests;
				PRODUCT_NAME = "$(TARGET_NAME)";
				SWIFT_EMIT_LOC_STRINGS = NO;
				SWIFT_VERSION = 5.0;
				TARGETED_DEVICE_FAMILY = "1,2";
				TEST_HOST = "$(BUILT_PRODUCTS_DIR)/DepNavIOS.app/$(BUNDLE_EXECUTABLE_FOLDER_PATH)/DepNavIOS";
			};
			name = Release;
		};
		6AD4F8F52E0D9BAC00201BF5 /* Debug */ = {
			isa = XCBuildConfiguration;
			buildSettings = {
				CODE_SIGN_STYLE = Automatic;
				CURRENT_PROJECT_VERSION = 1;
				GENERATE_INFOPLIST_FILE = YES;
				MARKETING_VERSION = 1.0;
				PRODUCT_BUNDLE_IDENTIFIER = qrutyy.DepNavIOSUITests;
				PRODUCT_NAME = "$(TARGET_NAME)";
				SWIFT_EMIT_LOC_STRINGS = NO;
				SWIFT_VERSION = 5.0;
				TARGETED_DEVICE_FAMILY = "1,2";
				TEST_TARGET_NAME = DepNavIOS;
			};
			name = Debug;
		};
		6AD4F8F62E0D9BAC00201BF5 /* Release */ = {
			isa = XCBuildConfiguration;
			buildSettings = {
				CODE_SIGN_STYLE = Automatic;
				CURRENT_PROJECT_VERSION = 1;
				GENERATE_INFOPLIST_FILE = YES;
				MARKETING_VERSION = 1.0;
				PRODUCT_BUNDLE_IDENTIFIER = qrutyy.DepNavIOSUITests;
				PRODUCT_NAME = "$(TARGET_NAME)";
				SWIFT_EMIT_LOC_STRINGS = NO;
				SWIFT_VERSION = 5.0;
				TARGETED_DEVICE_FAMILY = "1,2";
				TEST_TARGET_NAME = DepNavIOS;
			};
			name = Release;
		};
/* End XCBuildConfiguration section */

/* Begin XCConfigurationList section */
		6AD4F8C52E0D9BAB00201BF5 /* Build configuration list for PBXProject "DepNavIOS" */ = {
			isa = XCConfigurationList;
			buildConfigurations = (
				6AD4F8EC2E0D9BAC00201BF5 /* Debug */,
				6AD4F8ED2E0D9BAC00201BF5 /* Release */,
			);
			defaultConfigurationIsVisible = 0;
			defaultConfigurationName = Release;
		};
		6AD4F8EE2E0D9BAC00201BF5 /* Build configuration list for PBXNativeTarget "DepNavIOS" */ = {
			isa = XCConfigurationList;
			buildConfigurations = (
				6AD4F8EF2E0D9BAC00201BF5 /* Debug */,
				6AD4F8F02E0D9BAC00201BF5 /* Release */,
			);
			defaultConfigurationIsVisible = 0;
			defaultConfigurationName = Release;
		};
		6AD4F8F12E0D9BAC00201BF5 /* Build configuration list for PBXNativeTarget "DepNavIOSTests" */ = {
			isa = XCConfigurationList;
			buildConfigurations = (
				6AD4F8F22E0D9BAC00201BF5 /* Debug */,
				6AD4F8F32E0D9BAC00201BF5 /* Release */,
			);
			defaultConfigurationIsVisible = 0;
			defaultConfigurationName = Release;
		};
		6AD4F8F42E0D9BAC00201BF5 /* Build configuration list for PBXNativeTarget "DepNavIOSUITests" */ = {
			isa = XCConfigurationList;
			buildConfigurations = (
				6AD4F8F52E0D9BAC00201BF5 /* Debug */,
				6AD4F8F62E0D9BAC00201BF5 /* Release */,
			);
			defaultConfigurationIsVisible = 0;
			defaultConfigurationName = Release;
		};
/* End XCConfigurationList section */

/* Begin XCRemoteSwiftPackageReference section */
		6A59DB502E117EC300174334 /* XCRemoteSwiftPackageReference "SVGView" */ = {
			isa = XCRemoteSwiftPackageReference;
			repositoryURL = "https://github.com/exyte/SVGView";
			requirement = {
				kind = upToNextMajorVersion;
				minimumVersion = 1.0.6;
			};
		};
		6A7031432E12932C00CD9E38 /* XCRemoteSwiftPackageReference "BottomSheet" */ = {
			isa = XCRemoteSwiftPackageReference;
			repositoryURL = "https://github.com/lucaszischka/BottomSheet";
			requirement = {
				kind = upToNextMajorVersion;
				minimumVersion = 3.1.1;
			};
		};
/* End XCRemoteSwiftPackageReference section */

/* Begin XCSwiftPackageProductDependency section */
		6A59DB512E117F1900174334 /* SVGView */ = {
			isa = XCSwiftPackageProductDependency;
			package = 6A59DB502E117EC300174334 /* XCRemoteSwiftPackageReference "SVGView" */;
			productName = SVGView;
		};
		6A7031442E12933300CD9E38 /* BottomSheet */ = {
			isa = XCSwiftPackageProductDependency;
			package = 6A7031432E12932C00CD9E38 /* XCRemoteSwiftPackageReference "BottomSheet" */;
			productName = BottomSheet;
		};
/* End XCSwiftPackageProductDependency section */
	};
	rootObject = 6AD4F8C22E0D9BAB00201BF5 /* Project object */;
}
